
Microsoft Visual Studio Solution File, Format Version 12.00
Project("{FAE04EC0-301F-11D3-BF4B-00C04F79EFBC}") = "BlazorApp1", "BlazorApp1\BlazorApp1.csproj", "{1FA5892E-16FC-4686-B098-108600B653FE}"
EndProject
Project("{2150E333-8FDC-42A3-9474-1A3956D46DE8}") = "Solution Items", "Solution Items", "{BC306ABB-238B-49F9-B8F2-2975F771D9FA}"
	ProjectSection(SolutionItems) = preProject
		compose.yaml = compose.yaml
	EndProjectSection
EndProject
Global
	GlobalSection(SolutionConfigurationPlatforms) = preSolution
		Debug|Any CPU = Debug|Any CPU
		Release|Any CPU = Release|Any CPU
	EndGlobalSection
	GlobalSection(ProjectConfigurationPlatforms) = postSolution
		{1FA5892E-16FC-4686-B098-108600B653FE}.Debug|Any CPU.ActiveCfg = Debug|Any CPU
		{1FA5892E-16FC-4686-B098-108600B653FE}.Debug|Any CPU.Build.0 = Debug|Any CPU
		{1FA5892E-16FC-4686-B098-108600B653FE}.Release|Any CPU.ActiveCfg = Release|Any CPU
		{1FA5892E-16FC-4686-B098-108600B653FE}.Release|Any CPU.Build.0 = Release|Any CPU
	EndGlobalSection
EndGlobal
