
Microsoft Visual Studio Solution File, Format Version 12.00
Project("{FAE04EC0-301F-11D3-BF4B-00C04F79EFBC}") = "backend_blazor", "backend_blazor\backend_blazor.csproj", "{0871E909-BEB9-477A-8B36-92BDC0C1EE13}"
EndProject
Project("{2150E333-8FDC-42A3-9474-1A3956D46DE8}") = "Solution Items", "Solution Items", "{9DF60A9E-05D4-4C4F-BB62-BC34814FAE82}"
	ProjectSection(SolutionItems) = preProject
		compose.yaml = compose.yaml
	EndProjectSection
EndProject
Global
	GlobalSection(SolutionConfigurationPlatforms) = preSolution
		Debug|Any CPU = Debug|Any CPU
		Release|Any CPU = Release|Any CPU
	EndGlobalSection
	GlobalSection(ProjectConfigurationPlatforms) = postSolution
		{0871E909-BEB9-477A-8B36-92BDC0C1EE13}.Debug|Any CPU.ActiveCfg = Debug|Any CPU
		{0871E909-BEB9-477A-8B36-92BDC0C1EE13}.Debug|Any CPU.Build.0 = Debug|Any CPU
		{0871E909-BEB9-477A-8B36-92BDC0C1EE13}.Release|Any CPU.ActiveCfg = Release|Any CPU
		{0871E909-BEB9-477A-8B36-92BDC0C1EE13}.Release|Any CPU.Build.0 = Release|Any CPU
	EndGlobalSection
EndGlobal
